
Microsoft Visual Studio Solution File, Format Version 12.00
# Visual Studio Version 16
VisualStudioVersion = 16.0.31624.102
MinimumVisualStudioVersion = 10.0.40219.1
Project("{8BC9CEB8-8B4A-11D0-8D11-00A0C91BC942}") = "C0712", "C0712\C0712.vcxproj", "{26F07900-CD15-4884-8498-00F9A701B3CB}"
EndProject
Project("{8BC9CEB8-8B4A-11D0-8D11-00A0C91BC942}") = "012_Map", "012_Map\012_Map.vcxproj", "{087E6395-414B-4BCE-801D-FF5B32B78CC5}"
EndProject
Global
	GlobalSection(SolutionConfigurationPlatforms) = preSolution
		Debug|x64 = Debug|x64
		Debug|x86 = Debug|x86
		Release|x64 = Release|x64
		Release|x86 = Release|x86
	EndGlobalSection
	GlobalSection(ProjectConfigurationPlatforms) = postSolution
		{26F07900-CD15-4884-8498-00F9A701B3CB}.Debug|x64.ActiveCfg = Debug|x64
		{26F07900-CD15-4884-8498-00F9A701B3CB}.Debug|x64.Build.0 = Debug|x64
		{26F07900-CD15-4884-8498-00F9A701B3CB}.Debug|x86.ActiveCfg = Debug|Win32
		{26F07900-CD15-4884-8498-00F9A701B3CB}.Debug|x86.Build.0 = Debug|Win32
		{26F07900-CD15-4884-8498-00F9A701B3CB}.Release|x64.ActiveCfg = Release|x64
		{26F07900-CD15-4884-8498-00F9A701B3CB}.Release|x64.Build.0 = Release|x64
		{26F07900-CD15-4884-8498-00F9A701B3CB}.Release|x86.ActiveCfg = Release|Win32
		{26F07900-CD15-4884-8498-00F9A701B3CB}.Release|x86.Build.0 = Release|Win32
		{087E6395-414B-4BCE-801D-FF5B32B78CC5}.Debug|x64.ActiveCfg = Debug|x64
		{087E6395-414B-4BCE-801D-FF5B32B78CC5}.Debug|x64.Build.0 = Debug|x64
		{087E6395-414B-4BCE-801D-FF5B32B78CC5}.Debug|x86.ActiveCfg = Debug|Win32
		{087E6395-414B-4BCE-801D-FF5B32B78CC5}.Debug|x86.Build.0 = Debug|Win32
		{087E6395-414B-4BCE-801D-FF5B32B78CC5}.Release|x64.ActiveCfg = Release|x64
		{087E6395-414B-4BCE-801D-FF5B32B78CC5}.Release|x64.Build.0 = Release|x64
		{087E6395-414B-4BCE-801D-FF5B32B78CC5}.Release|x86.ActiveCfg = Release|Win32
		{087E6395-414B-4BCE-801D-FF5B32B78CC5}.Release|x86.Build.0 = Release|Win32
	EndGlobalSection
	GlobalSection(SolutionProperties) = preSolution
		HideSolutionNode = FALSE
	EndGlobalSection
	GlobalSection(ExtensibilityGlobals) = postSolution
		SolutionGuid = {5840DEB1-AB1C-4F8C-8BEB-2F2C82301207}
	EndGlobalSection
EndGlobal
